<?xml version="1.0" encoding="utf-8"?>
<Project ToolsVersion="4.0" xmlns="http://schemas.microsoft.com/developer/msbuild/2003">
  <ItemGroup>
    <Filter Include="소스 파일">
      <UniqueIdentifier>{4FC737F1-C7A5-4376-A066-2A32D752A2FF}</UniqueIdentifier>
      <Extensions>cpp;c;cc;cxx;c++;cppm;ixx;def;odl;idl;hpj;bat;asm;asmx</Extensions>
    </Filter>
    <Filter Include="소스 파일\Swap">
      <UniqueIdentifier>{4af44bd5-c58a-4efa-8d3f-9b5894d952b5}</UniqueIdentifier>
    </Filter>
    <Filter Include="소스 파일\Searching">
      <UniqueIdentifier>{8e8be5a5-9ff5-4c21-b1c2-a989b98e0a24}</UniqueIdentifier>
    </Filter>
    <Filter Include="소스 파일\StringAlgorithm">
      <UniqueIdentifier>{14eb3b7c-d35a-4330-b17d-6716cbaf1185}</UniqueIdentifier>
    </Filter>
    <Filter Include="소스 파일\Recursion">
      <UniqueIdentifier>{aaf274af-7c25-46e9-873a-fb8dcc39c100}</UniqueIdentifier>
    </Filter>
    <Filter Include="소스 파일\MyString">
      <UniqueIdentifier>{9a453f66-f3a1-4d55-bef2-3c7f9136276a}</UniqueIdentifier>
    </Filter>
    <Filter Include="소스 파일\Polynomial">
      <UniqueIdentifier>{1302e4b3-82bd-4047-ae67-2b191fc5df08}</UniqueIdentifier>
    </Filter>
    <Filter Include="소스 파일\SparsePolynomial">
      <UniqueIdentifier>{370472f5-e563-4b62-992a-e37bdbf50dcb}</UniqueIdentifier>
    </Filter>
    <Filter Include="소스 파일\Matrix">
      <UniqueIdentifier>{f5575c71-d2ca-44a5-bd31-e80bc2996486}</UniqueIdentifier>
    </Filter>
    <Filter Include="소스 파일\Array2D">
      <UniqueIdentifier>{d8449a03-3558-41b6-845d-9cc9423d15c1}</UniqueIdentifier>
    </Filter>
    <Filter Include="소스 파일\SparseMatrix">
      <UniqueIdentifier>{5ccb9f73-227a-41fe-88c2-ede073232384}</UniqueIdentifier>
    </Filter>
    <Filter Include="소스 파일\Stack">
      <UniqueIdentifier>{f611d2c9-2833-42d3-8768-df13daae4312}</UniqueIdentifier>
    </Filter>
    <Filter Include="소스 파일\Queue">
      <UniqueIdentifier>{63361b4f-d51a-4dcf-81a7-b7875b74d96f}</UniqueIdentifier>
    </Filter>
    <Filter Include="소스 파일\Josephus">
      <UniqueIdentifier>{224a2f8f-9ab4-422e-8436-bdc11d670a66}</UniqueIdentifier>
    </Filter>
    <Filter Include="소스 파일\Deque">
      <UniqueIdentifier>{ba187ef2-c7d9-47d4-9f43-e7ce83d67dfb}</UniqueIdentifier>
    </Filter>
    <Filter Include="소스 파일\SinglyLinkedList">
      <UniqueIdentifier>{27680ff5-993e-4928-ab63-37e2ca014567}</UniqueIdentifier>
    </Filter>
    <Filter Include="소스 파일\DoublyLinkedList">
      <UniqueIdentifier>{459267ce-e8ff-4796-af70-dc739bc00003}</UniqueIdentifier>
    </Filter>
    <Filter Include="소스 파일\BinaryTree">
      <UniqueIdentifier>{039e6e15-323e-4a0d-9062-07c606250d41}</UniqueIdentifier>
    </Filter>
  </ItemGroup>
  <ItemGroup>
    <ClCompile Include="DataStructues.cpp">
      <Filter>소스 파일</Filter>
    </ClCompile>
    <ClCompile Include="Swap.cpp">
      <Filter>소스 파일\Swap</Filter>
    </ClCompile>
    <ClCompile Include="Searching.cpp">
      <Filter>소스 파일\Searching</Filter>
    </ClCompile>
    <ClCompile Include="StringAlgorithm.cpp">
      <Filter>소스 파일\StringAlgorithm</Filter>
    </ClCompile>
    <ClCompile Include="Recursion.cpp">
      <Filter>소스 파일\Recursion</Filter>
    </ClCompile>
    <ClCompile Include="MyString.cpp">
      <Filter>소스 파일\MyString</Filter>
    </ClCompile>
    <ClCompile Include="Polynomial.cpp">
      <Filter>소스 파일\Polynomial</Filter>
    </ClCompile>
    <ClCompile Include="SparsePolynomial.cpp">
      <Filter>소스 파일\SparsePolynomial</Filter>
    </ClCompile>
    <ClCompile Include="Matrix.cpp">
      <Filter>소스 파일\Matrix</Filter>
    </ClCompile>
    <ClCompile Include="Array2D.cpp">
      <Filter>소스 파일\Array2D</Filter>
    </ClCompile>
    <ClCompile Include="SparseMatrix.cpp">
      <Filter>소스 파일\SparseMatrix</Filter>
    </ClCompile>
    <ClCompile Include="Stack.cpp">
      <Filter>소스 파일\Stack</Filter>
    </ClCompile>
    <ClCompile Include="Josephus.cpp">
      <Filter>소스 파일\Josephus</Filter>
    </ClCompile>
  </ItemGroup>
  <ItemGroup>
    <ClInclude Include="Swap.h">
      <Filter>소스 파일\Swap</Filter>
    </ClInclude>
    <ClInclude Include="Searching.h">
      <Filter>소스 파일\Searching</Filter>
    </ClInclude>
    <ClInclude Include="StringAlgorithm.h">
      <Filter>소스 파일\StringAlgorithm</Filter>
    </ClInclude>
    <ClInclude Include="Recursion.h">
      <Filter>소스 파일\Recursion</Filter>
    </ClInclude>
    <ClInclude Include="MyString.h">
      <Filter>소스 파일\MyString</Filter>
    </ClInclude>
    <ClInclude Include="Polynomial.h">
      <Filter>소스 파일\Polynomial</Filter>
    </ClInclude>
    <ClInclude Include="SparsePolynomial.h">
      <Filter>소스 파일\SparsePolynomial</Filter>
    </ClInclude>
    <ClInclude Include="Matrix.h">
      <Filter>소스 파일\Matrix</Filter>
    </ClInclude>
    <ClInclude Include="Array2D.h">
      <Filter>소스 파일\Array2D</Filter>
    </ClInclude>
    <ClInclude Include="SparseMatrix.h">
      <Filter>소스 파일\SparseMatrix</Filter>
    </ClInclude>
    <ClInclude Include="Stack.h">
      <Filter>소스 파일\Stack</Filter>
    </ClInclude>
    <ClInclude Include="Queue.h">
      <Filter>소스 파일\Queue</Filter>
    </ClInclude>
    <ClInclude Include="Josephus.h">
      <Filter>소스 파일\Josephus</Filter>
    </ClInclude>
    <ClInclude Include="Deque.h">
      <Filter>소스 파일\Deque</Filter>
    </ClInclude>
    <ClInclude Include="SinglyLinkedList.h">
      <Filter>소스 파일\SinglyLinkedList</Filter>
    </ClInclude>
    <ClInclude Include="DoublyLinkedList.h">
      <Filter>소스 파일\DoublyLinkedList</Filter>
    </ClInclude>
    <ClInclude Include="BinaryTree.h">
      <Filter>소스 파일\BinaryTree</Filter>
    </ClInclude>
  </ItemGroup>
</Project>