<?xml version="1.0" encoding="utf-8"?>
<Project ToolsVersion="4.0" xmlns="http://schemas.microsoft.com/developer/msbuild/2003">
  <ItemGroup>
    <Filter Include="소스 파일">
      <UniqueIdentifier>{4FC737F1-C7A5-4376-A066-2A32D752A2FF}</UniqueIdentifier>
      <Extensions>cpp;c;cc;cxx;c++;cppm;ixx;def;odl;idl;hpj;bat;asm;asmx</Extensions>
    </Filter>
    <Filter Include="소스 파일\Swap">
      <UniqueIdentifier>{4af44bd5-c58a-4efa-8d3f-9b5894d952b5}</UniqueIdentifier>
    </Filter>
    <Filter Include="소스 파일\Searching">
      <UniqueIdentifier>{8e8be5a5-9ff5-4c21-b1c2-a989b98e0a24}</UniqueIdentifier>
    </Filter>
    <Filter Include="소스 파일\StringAlgorithm">
      <UniqueIdentifier>{14eb3b7c-d35a-4330-b17d-6716cbaf1185}</UniqueIdentifier>
    </Filter>
  </ItemGroup>
  <ItemGroup>
    <ClCompile Include="DataStructues.cpp">
      <Filter>소스 파일</Filter>
    </ClCompile>
    <ClCompile Include="Swap.cpp">
      <Filter>소스 파일\Swap</Filter>
    </ClCompile>
    <ClCompile Include="Searching.cpp">
      <Filter>소스 파일\Searching</Filter>
    </ClCompile>
    <ClCompile Include="StringAlgorithm.cpp">
      <Filter>소스 파일\StringAlgorithm</Filter>
    </ClCompile>
  </ItemGroup>
  <ItemGroup>
    <ClInclude Include="Swap.h">
      <Filter>소스 파일\Swap</Filter>
    </ClInclude>
    <ClInclude Include="Searching.h">
      <Filter>소스 파일\Searching</Filter>
    </ClInclude>
    <ClInclude Include="StringAlgorithm.h">
      <Filter>소스 파일\StringAlgorithm</Filter>
    </ClInclude>
  </ItemGroup>
</Project>